
Microsoft Visual Studio Solution File, Format Version 12.00
# Visual Studio 15
VisualStudioVersion = 15.0.28010.2048
MinimumVisualStudioVersion = 10.0.40219.1
Project("{FAE04EC0-301F-11D3-BF4B-00C04F79EFBC}") = "NoMorePropertyChanged", "NoMorePropertyChanged\NoMorePropertyChanged.csproj", "{DDC10D04-928B-498D-B190-416DA61600B2}"
EndProject
Project("{FAE04EC0-301F-11D3-BF4B-00C04F79EFBC}") = "NoMOrePropertyChanged.Tests", "NoMOrePropertyChanged.Tests\NoMOrePropertyChanged.Tests.csproj", "{32CF1C10-E013-47F0-ACE3-E3F7B3CF9C06}"
EndProject
Global
	GlobalSection(SolutionConfigurationPlatforms) = preSolution
		Debug|Any CPU = Debug|Any CPU
		Release|Any CPU = Release|Any CPU
	EndGlobalSection
	GlobalSection(ProjectConfigurationPlatforms) = postSolution
		{DDC10D04-928B-498D-B190-416DA61600B2}.Debug|Any CPU.ActiveCfg = Debug|Any CPU
		{DDC10D04-928B-498D-B190-416DA61600B2}.Debug|Any CPU.Build.0 = Debug|Any CPU
		{DDC10D04-928B-498D-B190-416DA61600B2}.Release|Any CPU.ActiveCfg = Release|Any CPU
		{DDC10D04-928B-498D-B190-416DA61600B2}.Release|Any CPU.Build.0 = Release|Any CPU
		{32CF1C10-E013-47F0-ACE3-E3F7B3CF9C06}.Debug|Any CPU.ActiveCfg = Debug|Any CPU
		{32CF1C10-E013-47F0-ACE3-E3F7B3CF9C06}.Debug|Any CPU.Build.0 = Debug|Any CPU
		{32CF1C10-E013-47F0-ACE3-E3F7B3CF9C06}.Release|Any CPU.ActiveCfg = Release|Any CPU
		{32CF1C10-E013-47F0-ACE3-E3F7B3CF9C06}.Release|Any CPU.Build.0 = Release|Any CPU
	EndGlobalSection
	GlobalSection(SolutionProperties) = preSolution
		HideSolutionNode = FALSE
	EndGlobalSection
	GlobalSection(ExtensibilityGlobals) = postSolution
		SolutionGuid = {01B5F987-3558-4EF3-8A5C-7299E3199425}
	EndGlobalSection
EndGlobal
